
Microsoft Visual Studio Solution File, Format Version 12.00
# Visual Studio Version 17
VisualStudioVersion = 17.3.32804.467
MinimumVisualStudioVersion = 10.0.40219.1
Project("{FAE04EC0-301F-11D3-BF4B-00C04F79EFBC}") = "RoutingAndNavigation_Ass11Sep22", "RoutingAndNavigation_Ass11Sep22\RoutingAndNavigation_Ass11Sep22.csproj", "{29F7DC64-F31E-49E1-A5FE-A207ABCCDEE0}"
EndProject
Global
	GlobalSection(SolutionConfigurationPlatforms) = preSolution
		Debug|Any CPU = Debug|Any CPU
		Release|Any CPU = Release|Any CPU
	EndGlobalSection
	GlobalSection(ProjectConfigurationPlatforms) = postSolution
		{29F7DC64-F31E-49E1-A5FE-A207ABCCDEE0}.Debug|Any CPU.ActiveCfg = Debug|Any CPU
		{29F7DC64-F31E-49E1-A5FE-A207ABCCDEE0}.Debug|Any CPU.Build.0 = Debug|Any CPU
		{29F7DC64-F31E-49E1-A5FE-A207ABCCDEE0}.Release|Any CPU.ActiveCfg = Release|Any CPU
		{29F7DC64-F31E-49E1-A5FE-A207ABCCDEE0}.Release|Any CPU.Build.0 = Release|Any CPU
	EndGlobalSection
	GlobalSection(SolutionProperties) = preSolution
		HideSolutionNode = FALSE
	EndGlobalSection
	GlobalSection(ExtensibilityGlobals) = postSolution
		SolutionGuid = {356631A2-F2ED-4FE3-B89C-6916F79319EC}
	EndGlobalSection
EndGlobal
